
Microsoft Visual Studio Solution File, Format Version 12.00
# Visual Studio Version 16
VisualStudioVersion = 16.0.31025.194
MinimumVisualStudioVersion = 10.0.40219.1
Project("{FAE04EC0-301F-11D3-BF4B-00C04F79EFBC}") = "Phase1Section5.12", "Phase1Section5.12\Phase1Section5.12.csproj", "{AA0400ED-B2F3-4EF0-A84C-2ABE9F42BDA8}"
EndProject
Global
	GlobalSection(SolutionConfigurationPlatforms) = preSolution
		Debug|Any CPU = Debug|Any CPU
		Release|Any CPU = Release|Any CPU
	EndGlobalSection
	GlobalSection(ProjectConfigurationPlatforms) = postSolution
		{AA0400ED-B2F3-4EF0-A84C-2ABE9F42BDA8}.Debug|Any CPU.ActiveCfg = Debug|Any CPU
		{AA0400ED-B2F3-4EF0-A84C-2ABE9F42BDA8}.Debug|Any CPU.Build.0 = Debug|Any CPU
		{AA0400ED-B2F3-4EF0-A84C-2ABE9F42BDA8}.Release|Any CPU.ActiveCfg = Release|Any CPU
		{AA0400ED-B2F3-4EF0-A84C-2ABE9F42BDA8}.Release|Any CPU.Build.0 = Release|Any CPU
	EndGlobalSection
	GlobalSection(SolutionProperties) = preSolution
		HideSolutionNode = FALSE
	EndGlobalSection
	GlobalSection(ExtensibilityGlobals) = postSolution
		SolutionGuid = {4BBAF8EA-4BE6-4048-A4C5-BC139DF30F40}
	EndGlobalSection
EndGlobal
