
Microsoft Visual Studio Solution File, Format Version 12.00
# Visual Studio Version 16
VisualStudioVersion = 16.0.31019.35
MinimumVisualStudioVersion = 10.0.40219.1
Project("{FAE04EC0-301F-11D3-BF4B-00C04F79EFBC}") = "Phase1Section4_7b", "Phase1Section4_7b\Phase1Section4_7b.csproj", "{8F31F39B-2CB3-4592-BD24-8F911461C7F9}"
EndProject
Global
	GlobalSection(SolutionConfigurationPlatforms) = preSolution
		Debug|Any CPU = Debug|Any CPU
		Release|Any CPU = Release|Any CPU
	EndGlobalSection
	GlobalSection(ProjectConfigurationPlatforms) = postSolution
		{8F31F39B-2CB3-4592-BD24-8F911461C7F9}.Debug|Any CPU.ActiveCfg = Debug|Any CPU
		{8F31F39B-2CB3-4592-BD24-8F911461C7F9}.Debug|Any CPU.Build.0 = Debug|Any CPU
		{8F31F39B-2CB3-4592-BD24-8F911461C7F9}.Release|Any CPU.ActiveCfg = Release|Any CPU
		{8F31F39B-2CB3-4592-BD24-8F911461C7F9}.Release|Any CPU.Build.0 = Release|Any CPU
	EndGlobalSection
	GlobalSection(SolutionProperties) = preSolution
		HideSolutionNode = FALSE
	EndGlobalSection
	GlobalSection(ExtensibilityGlobals) = postSolution
		SolutionGuid = {1559D7CC-18AA-4C32-8A18-1EAB9A4EF7A7}
	EndGlobalSection
EndGlobal
