
Microsoft Visual Studio Solution File, Format Version 12.00
# Visual Studio Version 16
VisualStudioVersion = 16.0.31019.35
MinimumVisualStudioVersion = 10.0.40219.1
Project("{FAE04EC0-301F-11D3-BF4B-00C04F79EFBC}") = "Phase1Section4.27", "Phase1Section4.27\Phase1Section4.27.csproj", "{94CCC4A1-512F-4E73-9C86-AA6AD22C2D17}"
EndProject
Global
	GlobalSection(SolutionConfigurationPlatforms) = preSolution
		Debug|Any CPU = Debug|Any CPU
		Release|Any CPU = Release|Any CPU
	EndGlobalSection
	GlobalSection(ProjectConfigurationPlatforms) = postSolution
		{94CCC4A1-512F-4E73-9C86-AA6AD22C2D17}.Debug|Any CPU.ActiveCfg = Debug|Any CPU
		{94CCC4A1-512F-4E73-9C86-AA6AD22C2D17}.Debug|Any CPU.Build.0 = Debug|Any CPU
		{94CCC4A1-512F-4E73-9C86-AA6AD22C2D17}.Release|Any CPU.ActiveCfg = Release|Any CPU
		{94CCC4A1-512F-4E73-9C86-AA6AD22C2D17}.Release|Any CPU.Build.0 = Release|Any CPU
	EndGlobalSection
	GlobalSection(SolutionProperties) = preSolution
		HideSolutionNode = FALSE
	EndGlobalSection
	GlobalSection(ExtensibilityGlobals) = postSolution
		SolutionGuid = {168BC037-2F90-4356-A289-F65ACE4CF9BD}
	EndGlobalSection
EndGlobal
