
Microsoft Visual Studio Solution File, Format Version 12.00
# Visual Studio Version 16
VisualStudioVersion = 16.0.31019.35
MinimumVisualStudioVersion = 10.0.40219.1
Project("{FAE04EC0-301F-11D3-BF4B-00C04F79EFBC}") = "Phase1Section4.21", "Phase1Section4.21\Phase1Section4.21.csproj", "{06E7ED23-D8EE-4AB1-B7FE-C4A8B99F5658}"
EndProject
Global
	GlobalSection(SolutionConfigurationPlatforms) = preSolution
		Debug|Any CPU = Debug|Any CPU
		Release|Any CPU = Release|Any CPU
	EndGlobalSection
	GlobalSection(ProjectConfigurationPlatforms) = postSolution
		{06E7ED23-D8EE-4AB1-B7FE-C4A8B99F5658}.Debug|Any CPU.ActiveCfg = Debug|Any CPU
		{06E7ED23-D8EE-4AB1-B7FE-C4A8B99F5658}.Debug|Any CPU.Build.0 = Debug|Any CPU
		{06E7ED23-D8EE-4AB1-B7FE-C4A8B99F5658}.Release|Any CPU.ActiveCfg = Release|Any CPU
		{06E7ED23-D8EE-4AB1-B7FE-C4A8B99F5658}.Release|Any CPU.Build.0 = Release|Any CPU
	EndGlobalSection
	GlobalSection(SolutionProperties) = preSolution
		HideSolutionNode = FALSE
	EndGlobalSection
	GlobalSection(ExtensibilityGlobals) = postSolution
		SolutionGuid = {61E108B4-04FF-49EF-98CC-34E6AE062BB6}
	EndGlobalSection
EndGlobal
