
Microsoft Visual Studio Solution File, Format Version 12.00
# Visual Studio Version 16
VisualStudioVersion = 16.0.31025.194
MinimumVisualStudioVersion = 10.0.40219.1
Project("{FAE04EC0-301F-11D3-BF4B-00C04F79EFBC}") = "Phase1Section6.6", "Phase1Section6.6\Phase1Section6.6.csproj", "{766CC035-071D-4C55-A284-6F8CD8ED51EB}"
EndProject
Global
	GlobalSection(SolutionConfigurationPlatforms) = preSolution
		Debug|Any CPU = Debug|Any CPU
		Release|Any CPU = Release|Any CPU
	EndGlobalSection
	GlobalSection(ProjectConfigurationPlatforms) = postSolution
		{766CC035-071D-4C55-A284-6F8CD8ED51EB}.Debug|Any CPU.ActiveCfg = Debug|Any CPU
		{766CC035-071D-4C55-A284-6F8CD8ED51EB}.Debug|Any CPU.Build.0 = Debug|Any CPU
		{766CC035-071D-4C55-A284-6F8CD8ED51EB}.Release|Any CPU.ActiveCfg = Release|Any CPU
		{766CC035-071D-4C55-A284-6F8CD8ED51EB}.Release|Any CPU.Build.0 = Release|Any CPU
	EndGlobalSection
	GlobalSection(SolutionProperties) = preSolution
		HideSolutionNode = FALSE
	EndGlobalSection
	GlobalSection(ExtensibilityGlobals) = postSolution
		SolutionGuid = {E02F2162-4257-4A2E-B316-CD0DE38C8DCE}
	EndGlobalSection
EndGlobal
