
Microsoft Visual Studio Solution File, Format Version 12.00
# Visual Studio Version 16
VisualStudioVersion = 16.0.31019.35
MinimumVisualStudioVersion = 10.0.40219.1
Project("{FAE04EC0-301F-11D3-BF4B-00C04F79EFBC}") = "Phase1Section4.7c", "Phase1Section4.7c\Phase1Section4.7c.csproj", "{B44CC50D-8F20-4D9B-AB05-1FF1DFCE3D01}"
EndProject
Global
	GlobalSection(SolutionConfigurationPlatforms) = preSolution
		Debug|Any CPU = Debug|Any CPU
		Release|Any CPU = Release|Any CPU
	EndGlobalSection
	GlobalSection(ProjectConfigurationPlatforms) = postSolution
		{B44CC50D-8F20-4D9B-AB05-1FF1DFCE3D01}.Debug|Any CPU.ActiveCfg = Debug|Any CPU
		{B44CC50D-8F20-4D9B-AB05-1FF1DFCE3D01}.Debug|Any CPU.Build.0 = Debug|Any CPU
		{B44CC50D-8F20-4D9B-AB05-1FF1DFCE3D01}.Release|Any CPU.ActiveCfg = Release|Any CPU
		{B44CC50D-8F20-4D9B-AB05-1FF1DFCE3D01}.Release|Any CPU.Build.0 = Release|Any CPU
	EndGlobalSection
	GlobalSection(SolutionProperties) = preSolution
		HideSolutionNode = FALSE
	EndGlobalSection
	GlobalSection(ExtensibilityGlobals) = postSolution
		SolutionGuid = {C9607128-1F9C-47A0-BA47-78D85B9438A3}
	EndGlobalSection
EndGlobal
